{
  "nodes": {
    "nixpkgs": {
      "locked": {
        "lastModified": 1733581040,
        "narHash": "sha256-Qn3nPMSopRQJgmvHzVqPcE3I03zJyl8cSbgnnltfFDY=",
        "rev": "22c3f2cf41a0e70184334a958e6b124fb0ce3e01",
        "revCount": 718224,
        "type": "tarball",
        "url": "https://api.flakehub.com/f/pinned/NixOS/nixpkgs/0.1.718224%2Brev-22c3f2cf41a0e70184334a958e6b124fb0ce3e01/0193a62d-5255-79ba-8efe-4b89fdd62a6b/source.tar.gz"
      },
      "original": {
        "type": "tarball",
        "url": "https://flakehub.com/f/NixOS/nixpkgs/0.1.%2A.tar.gz"
      }
    },
    "root": {
      "inputs": {
        "nixpkgs": "nixpkgs",
        "rust-overlay": "rust-overlay"
      }
    },
    "rust-overlay": {
      "inputs": {
        "nixpkgs": [
          "nixpkgs"
        ]
      },
      "locked": {
        "lastModified": 1733625333,
        "narHash": "sha256-tIML2axjm4AnlKP29upVJxzBpj4Cy4ak+PKonqQtXmc=",
        "owner": "oxalica",
        "repo": "rust-overlay",
        "rev": "430c8b054e45ea44fd2c9521a378306ada507a6c",
        "type": "github"
      },
      "original": {
        "owner": "oxalica",
        "repo": "rust-overlay",
        "type": "github"
      }
    }
  },
  "root": "root",
  "version": 7
}
